
Microsoft Visual Studio Solution File, Format Version 12.00
# Visual Studio Version 17
VisualStudioVersion = 17.2.32519.379
MinimumVisualStudioVersion = 10.0.40219.1
Project("{FAE04EC0-301F-11D3-BF4B-00C04F79EFBC}") = "H1-Converter", "H1-Converter.csproj", "{AF335022-7F83-4C64-A00A-15AF899244FC}"
EndProject
Global
	GlobalSection(SolutionConfigurationPlatforms) = preSolution
		Debug|Any CPU = Debug|Any CPU
		Release|Any CPU = Release|Any CPU
	EndGlobalSection
	GlobalSection(ProjectConfigurationPlatforms) = postSolution
		{AF335022-7F83-4C64-A00A-15AF899244FC}.Debug|Any CPU.ActiveCfg = Debug|Any CPU
		{AF335022-7F83-4C64-A00A-15AF899244FC}.Debug|Any CPU.Build.0 = Debug|Any CPU
		{AF335022-7F83-4C64-A00A-15AF899244FC}.Release|Any CPU.ActiveCfg = Release|Any CPU
		{AF335022-7F83-4C64-A00A-15AF899244FC}.Release|Any CPU.Build.0 = Release|Any CPU
	EndGlobalSection
	GlobalSection(SolutionProperties) = preSolution
		HideSolutionNode = FALSE
	EndGlobalSection
	GlobalSection(ExtensibilityGlobals) = postSolution
		SolutionGuid = {53D48EEF-E320-42D2-8559-768FC9C8C875}
	EndGlobalSection
EndGlobal
